
Microsoft Visual Studio Solution File, Format Version 12.00
# Visual Studio 15
VisualStudioVersion = 15.0.28307.168
MinimumVisualStudioVersion = 10.0.40219.1
Project("{9A19103F-16F7-4668-BE54-9A1E7A4F7556}") = "AspDotNetCoreBoilerplate", "AspDotNetCoreBoilerplate\AspDotNetCoreBoilerplate.csproj", "{327FA594-A04A-4DC4-B476-7FA4408CBC3D}"
EndProject
Project("{9A19103F-16F7-4668-BE54-9A1E7A4F7556}") = "AspDotNetCoreBoilerplate.Core", "AspDotNetCoreBoilerplate.Core\AspDotNetCoreBoilerplate.Core.csproj", "{7B54F8F0-C1FA-4F4F-808A-ECF66E5C02C0}"
EndProject
Project("{9A19103F-16F7-4668-BE54-9A1E7A4F7556}") = "AspDotNetCoreBoilerplate.Domain", "AspDotNetCoreBoilerplate.Domain\AspDotNetCoreBoilerplate.Domain.csproj", "{AD6C9B7B-9370-4613-9166-2B8D9C361777}"
EndProject
Project("{9A19103F-16F7-4668-BE54-9A1E7A4F7556}") = "AspDotNetCoreBoilerplate.DataAccess", "AspDotNetCoreBoilerplate.DataAccess\AspDotNetCoreBoilerplate.DataAccess.csproj", "{D925AB5E-6460-43D1-9994-4232DA2F3832}"
EndProject
Project("{9A19103F-16F7-4668-BE54-9A1E7A4F7556}") = "AspDotNetCoreBoilerplate.Integration", "AspDotNetCoreBoilerplate.Integration\AspDotNetCoreBoilerplate.Integration.csproj", "{0D3597A8-877A-4567-AE01-4D93E7007A9F}"
EndProject
Project("{9A19103F-16F7-4668-BE54-9A1E7A4F7556}") = "AspDotNetCoreBoilerplate.Configuration", "AspDotNetCoreBoilerplate.Configuration\AspDotNetCoreBoilerplate.Configuration.csproj", "{95723C93-A2B6-4EFE-8DEE-9F5714460B98}"
EndProject
Global
	GlobalSection(SolutionConfigurationPlatforms) = preSolution
		Debug|Any CPU = Debug|Any CPU
		Release|Any CPU = Release|Any CPU
	EndGlobalSection
	GlobalSection(ProjectConfigurationPlatforms) = postSolution
		{327FA594-A04A-4DC4-B476-7FA4408CBC3D}.Debug|Any CPU.ActiveCfg = Debug|Any CPU
		{327FA594-A04A-4DC4-B476-7FA4408CBC3D}.Debug|Any CPU.Build.0 = Debug|Any CPU
		{327FA594-A04A-4DC4-B476-7FA4408CBC3D}.Release|Any CPU.ActiveCfg = Release|Any CPU
		{327FA594-A04A-4DC4-B476-7FA4408CBC3D}.Release|Any CPU.Build.0 = Release|Any CPU
		{7B54F8F0-C1FA-4F4F-808A-ECF66E5C02C0}.Debug|Any CPU.ActiveCfg = Debug|Any CPU
		{7B54F8F0-C1FA-4F4F-808A-ECF66E5C02C0}.Debug|Any CPU.Build.0 = Debug|Any CPU
		{7B54F8F0-C1FA-4F4F-808A-ECF66E5C02C0}.Release|Any CPU.ActiveCfg = Release|Any CPU
		{7B54F8F0-C1FA-4F4F-808A-ECF66E5C02C0}.Release|Any CPU.Build.0 = Release|Any CPU
		{AD6C9B7B-9370-4613-9166-2B8D9C361777}.Debug|Any CPU.ActiveCfg = Debug|Any CPU
		{AD6C9B7B-9370-4613-9166-2B8D9C361777}.Debug|Any CPU.Build.0 = Debug|Any CPU
		{AD6C9B7B-9370-4613-9166-2B8D9C361777}.Release|Any CPU.ActiveCfg = Release|Any CPU
		{AD6C9B7B-9370-4613-9166-2B8D9C361777}.Release|Any CPU.Build.0 = Release|Any CPU
		{D925AB5E-6460-43D1-9994-4232DA2F3832}.Debug|Any CPU.ActiveCfg = Debug|Any CPU
		{D925AB5E-6460-43D1-9994-4232DA2F3832}.Debug|Any CPU.Build.0 = Debug|Any CPU
		{D925AB5E-6460-43D1-9994-4232DA2F3832}.Release|Any CPU.ActiveCfg = Release|Any CPU
		{D925AB5E-6460-43D1-9994-4232DA2F3832}.Release|Any CPU.Build.0 = Release|Any CPU
		{0D3597A8-877A-4567-AE01-4D93E7007A9F}.Debug|Any CPU.ActiveCfg = Debug|Any CPU
		{0D3597A8-877A-4567-AE01-4D93E7007A9F}.Debug|Any CPU.Build.0 = Debug|Any CPU
		{0D3597A8-877A-4567-AE01-4D93E7007A9F}.Release|Any CPU.ActiveCfg = Release|Any CPU
		{0D3597A8-877A-4567-AE01-4D93E7007A9F}.Release|Any CPU.Build.0 = Release|Any CPU
		{95723C93-A2B6-4EFE-8DEE-9F5714460B98}.Debug|Any CPU.ActiveCfg = Debug|Any CPU
		{95723C93-A2B6-4EFE-8DEE-9F5714460B98}.Debug|Any CPU.Build.0 = Debug|Any CPU
		{95723C93-A2B6-4EFE-8DEE-9F5714460B98}.Release|Any CPU.ActiveCfg = Release|Any CPU
		{95723C93-A2B6-4EFE-8DEE-9F5714460B98}.Release|Any CPU.Build.0 = Release|Any CPU
	EndGlobalSection
	GlobalSection(SolutionProperties) = preSolution
		HideSolutionNode = FALSE
	EndGlobalSection
	GlobalSection(ExtensibilityGlobals) = postSolution
		SolutionGuid = {27EB1A5D-3B4C-4425-AE3F-35F731C6DB1A}
	EndGlobalSection
EndGlobal
